github.com/KaTeX/KaTeX v0.16.8 h1:9LCA6ID4GvsBrGYdLtc3+zJ0wYuHwQyf7qkr1tEowSg=
github.com/KaTeX/KaTeX v0.16.8/go.mod h1:VI+aE+CVs/VqtbHnuhstfQST46GmrwpXH7LQAzYIouw=
github.com/KevCaz/funkyflex v0.1.1 h1:aWFvca6kv2hlN+NUL3wYsn0NLkO1KbK6cOkFUmn4gzA=
github.com/KevCaz/funkyflex v0.1.1/go.mod h1:WOoE+V6w3UNFc+kehh+2M6cZjPmyCnsaW2RjMRZLRco=
